
Microsoft Visual Studio Solution File, Format Version 12.00
# Visual Studio Version 16
VisualStudioVersion = 16.0.31424.327
MinimumVisualStudioVersion = 10.0.40219.1
Project("{8BC9CEB8-8B4A-11D0-8D11-00A0C91BC942}") = "AoC25", "AoC25\AoC25.vcxproj", "{32D2AF50-D652-4EE6-969A-8C48DE1608FC}"
EndProject
Project("{8BC9CEB8-8B4A-11D0-8D11-00A0C91BC942}") = "AoC24", "AoC24\AoC24.vcxproj", "{851118B0-D922-4532-ABB0-70EE74616AAB}"
EndProject
Project("{8BC9CEB8-8B4A-11D0-8D11-00A0C91BC942}") = "AoC21", "AoC21\AoC21.vcxproj", "{3BAD7FFE-E7AA-4370-91AC-C9ABB17829DC}"
EndProject
Project("{8BC9CEB8-8B4A-11D0-8D11-00A0C91BC942}") = "AoC20", "AoC20\AoC20.vcxproj", "{01390E8C-0105-43B3-A217-190529172710}"
EndProject
Project("{8BC9CEB8-8B4A-11D0-8D11-00A0C91BC942}") = "AoC03", "AoC3\AoC3.vcxproj", "{7E26714B-6882-48E3-B766-435BF2CA1233}"
EndProject
Project("{8BC9CEB8-8B4A-11D0-8D11-00A0C91BC942}") = "AoC17", "AoC17\AoC17.vcxproj", "{438BAC9D-15CC-4D06-9ADB-D32C067536C1}"
EndProject
Project("{8BC9CEB8-8B4A-11D0-8D11-00A0C91BC942}") = "AoC13", "AoC13\AoC13.vcxproj", "{91D41F58-EAA4-4E7A-8874-DA72ABE054E7}"
EndProject
Project("{8BC9CEB8-8B4A-11D0-8D11-00A0C91BC942}") = "AoC10", "AoC10\AoC10.vcxproj", "{1D797472-FDE1-4769-9C27-ECAFBB8553D6}"
EndProject
Project("{8BC9CEB8-8B4A-11D0-8D11-00A0C91BC942}") = "AoC18", "AoC18\AoC18.vcxproj", "{49BD2E1E-D24F-4E5B-9CB2-40E124BB1B2D}"
EndProject
Project("{8BC9CEB8-8B4A-11D0-8D11-00A0C91BC942}") = "AoC06", "AoC06\AoC06.vcxproj", "{A4FAC9CD-3A60-4B36-8233-E0BF3162A51D}"
EndProject
Project("{8BC9CEB8-8B4A-11D0-8D11-00A0C91BC942}") = "AoC08", "AoC08\AoC08.vcxproj", "{C6DF94B3-BC33-4C5B-9DEA-4C224C8E5451}"
EndProject
Project("{8BC9CEB8-8B4A-11D0-8D11-00A0C91BC942}") = "AoC01", "AoC01\AoC01.vcxproj", "{DE6DBF7E-46E4-4A15-8D59-11B6A6EDB150}"
EndProject
Project("{8BC9CEB8-8B4A-11D0-8D11-00A0C91BC942}") = "AoC02", "AoC02\AoC02.vcxproj", "{20560949-3236-4CAC-B820-8F360AE1DABD}"
EndProject
Project("{8BC9CEB8-8B4A-11D0-8D11-00A0C91BC942}") = "AoC07", "AoC07\AoC07.vcxproj", "{3CD9419C-C75A-4809-A4E8-3D81E5F8C163}"
EndProject
Project("{8BC9CEB8-8B4A-11D0-8D11-00A0C91BC942}") = "AoC12", "AoC12\AoC12.vcxproj", "{9D108B1F-94FD-4DC6-85D1-6AFAB769C803}"
EndProject
Project("{8BC9CEB8-8B4A-11D0-8D11-00A0C91BC942}") = "AoC15", "AoC15\AoC15.vcxproj", "{235CD0E9-3E61-4D25-B35C-C2C9A9CA55C0}"
EndProject
Global
	GlobalSection(SolutionConfigurationPlatforms) = preSolution
		Debug|x64 = Debug|x64
		Debug|x86 = Debug|x86
		Release|x64 = Release|x64
		Release|x86 = Release|x86
	EndGlobalSection
	GlobalSection(ProjectConfigurationPlatforms) = postSolution
		{32D2AF50-D652-4EE6-969A-8C48DE1608FC}.Debug|x64.ActiveCfg = Debug|x64
		{32D2AF50-D652-4EE6-969A-8C48DE1608FC}.Debug|x64.Build.0 = Debug|x64
		{32D2AF50-D652-4EE6-969A-8C48DE1608FC}.Debug|x86.ActiveCfg = Debug|Win32
		{32D2AF50-D652-4EE6-969A-8C48DE1608FC}.Debug|x86.Build.0 = Debug|Win32
		{32D2AF50-D652-4EE6-969A-8C48DE1608FC}.Release|x64.ActiveCfg = Release|x64
		{32D2AF50-D652-4EE6-969A-8C48DE1608FC}.Release|x64.Build.0 = Release|x64
		{32D2AF50-D652-4EE6-969A-8C48DE1608FC}.Release|x86.ActiveCfg = Release|Win32
		{32D2AF50-D652-4EE6-969A-8C48DE1608FC}.Release|x86.Build.0 = Release|Win32
		{851118B0-D922-4532-ABB0-70EE74616AAB}.Debug|x64.ActiveCfg = Debug|x64
		{851118B0-D922-4532-ABB0-70EE74616AAB}.Debug|x64.Build.0 = Debug|x64
		{851118B0-D922-4532-ABB0-70EE74616AAB}.Debug|x86.ActiveCfg = Debug|Win32
		{851118B0-D922-4532-ABB0-70EE74616AAB}.Debug|x86.Build.0 = Debug|Win32
		{851118B0-D922-4532-ABB0-70EE74616AAB}.Release|x64.ActiveCfg = Release|x64
		{851118B0-D922-4532-ABB0-70EE74616AAB}.Release|x64.Build.0 = Release|x64
		{851118B0-D922-4532-ABB0-70EE74616AAB}.Release|x86.ActiveCfg = Release|Win32
		{851118B0-D922-4532-ABB0-70EE74616AAB}.Release|x86.Build.0 = Release|Win32
		{3BAD7FFE-E7AA-4370-91AC-C9ABB17829DC}.Debug|x64.ActiveCfg = Debug|x64
		{3BAD7FFE-E7AA-4370-91AC-C9ABB17829DC}.Debug|x64.Build.0 = Debug|x64
		{3BAD7FFE-E7AA-4370-91AC-C9ABB17829DC}.Debug|x86.ActiveCfg = Debug|Win32
		{3BAD7FFE-E7AA-4370-91AC-C9ABB17829DC}.Debug|x86.Build.0 = Debug|Win32
		{3BAD7FFE-E7AA-4370-91AC-C9ABB17829DC}.Release|x64.ActiveCfg = Release|x64
		{3BAD7FFE-E7AA-4370-91AC-C9ABB17829DC}.Release|x64.Build.0 = Release|x64
		{3BAD7FFE-E7AA-4370-91AC-C9ABB17829DC}.Release|x86.ActiveCfg = Release|Win32
		{3BAD7FFE-E7AA-4370-91AC-C9ABB17829DC}.Release|x86.Build.0 = Release|Win32
		{01390E8C-0105-43B3-A217-190529172710}.Debug|x64.ActiveCfg = Debug|x64
		{01390E8C-0105-43B3-A217-190529172710}.Debug|x64.Build.0 = Debug|x64
		{01390E8C-0105-43B3-A217-190529172710}.Debug|x86.ActiveCfg = Debug|Win32
		{01390E8C-0105-43B3-A217-190529172710}.Debug|x86.Build.0 = Debug|Win32
		{01390E8C-0105-43B3-A217-190529172710}.Release|x64.ActiveCfg = Release|x64
		{01390E8C-0105-43B3-A217-190529172710}.Release|x64.Build.0 = Release|x64
		{01390E8C-0105-43B3-A217-190529172710}.Release|x86.ActiveCfg = Release|Win32
		{01390E8C-0105-43B3-A217-190529172710}.Release|x86.Build.0 = Release|Win32
		{7E26714B-6882-48E3-B766-435BF2CA1233}.Debug|x64.ActiveCfg = Debug|x64
		{7E26714B-6882-48E3-B766-435BF2CA1233}.Debug|x64.Build.0 = Debug|x64
		{7E26714B-6882-48E3-B766-435BF2CA1233}.Debug|x86.ActiveCfg = Debug|Win32
		{7E26714B-6882-48E3-B766-435BF2CA1233}.Debug|x86.Build.0 = Debug|Win32
		{7E26714B-6882-48E3-B766-435BF2CA1233}.Release|x64.ActiveCfg = Release|x64
		{7E26714B-6882-48E3-B766-435BF2CA1233}.Release|x64.Build.0 = Release|x64
		{7E26714B-6882-48E3-B766-435BF2CA1233}.Release|x86.ActiveCfg = Release|Win32
		{7E26714B-6882-48E3-B766-435BF2CA1233}.Release|x86.Build.0 = Release|Win32
		{438BAC9D-15CC-4D06-9ADB-D32C067536C1}.Debug|x64.ActiveCfg = Debug|x64
		{438BAC9D-15CC-4D06-9ADB-D32C067536C1}.Debug|x64.Build.0 = Debug|x64
		{438BAC9D-15CC-4D06-9ADB-D32C067536C1}.Debug|x86.ActiveCfg = Debug|Win32
		{438BAC9D-15CC-4D06-9ADB-D32C067536C1}.Debug|x86.Build.0 = Debug|Win32
		{438BAC9D-15CC-4D06-9ADB-D32C067536C1}.Release|x64.ActiveCfg = Release|x64
		{438BAC9D-15CC-4D06-9ADB-D32C067536C1}.Release|x64.Build.0 = Release|x64
		{438BAC9D-15CC-4D06-9ADB-D32C067536C1}.Release|x86.ActiveCfg = Release|Win32
		{438BAC9D-15CC-4D06-9ADB-D32C067536C1}.Release|x86.Build.0 = Release|Win32
		{91D41F58-EAA4-4E7A-8874-DA72ABE054E7}.Debug|x64.ActiveCfg = Debug|x64
		{91D41F58-EAA4-4E7A-8874-DA72ABE054E7}.Debug|x64.Build.0 = Debug|x64
		{91D41F58-EAA4-4E7A-8874-DA72ABE054E7}.Debug|x86.ActiveCfg = Debug|Win32
		{91D41F58-EAA4-4E7A-8874-DA72ABE054E7}.Debug|x86.Build.0 = Debug|Win32
		{91D41F58-EAA4-4E7A-8874-DA72ABE054E7}.Release|x64.ActiveCfg = Release|x64
		{91D41F58-EAA4-4E7A-8874-DA72ABE054E7}.Release|x64.Build.0 = Release|x64
		{91D41F58-EAA4-4E7A-8874-DA72ABE054E7}.Release|x86.ActiveCfg = Release|Win32
		{91D41F58-EAA4-4E7A-8874-DA72ABE054E7}.Release|x86.Build.0 = Release|Win32
		{1D797472-FDE1-4769-9C27-ECAFBB8553D6}.Debug|x64.ActiveCfg = Debug|x64
		{1D797472-FDE1-4769-9C27-ECAFBB8553D6}.Debug|x64.Build.0 = Debug|x64
		{1D797472-FDE1-4769-9C27-ECAFBB8553D6}.Debug|x86.ActiveCfg = Debug|Win32
		{1D797472-FDE1-4769-9C27-ECAFBB8553D6}.Debug|x86.Build.0 = Debug|Win32
		{1D797472-FDE1-4769-9C27-ECAFBB8553D6}.Release|x64.ActiveCfg = Release|x64
		{1D797472-FDE1-4769-9C27-ECAFBB8553D6}.Release|x64.Build.0 = Release|x64
		{1D797472-FDE1-4769-9C27-ECAFBB8553D6}.Release|x86.ActiveCfg = Release|Win32
		{1D797472-FDE1-4769-9C27-ECAFBB8553D6}.Release|x86.Build.0 = Release|Win32
		{49BD2E1E-D24F-4E5B-9CB2-40E124BB1B2D}.Debug|x64.ActiveCfg = Debug|x64
		{49BD2E1E-D24F-4E5B-9CB2-40E124BB1B2D}.Debug|x64.Build.0 = Debug|x64
		{49BD2E1E-D24F-4E5B-9CB2-40E124BB1B2D}.Debug|x86.ActiveCfg = Debug|Win32
		{49BD2E1E-D24F-4E5B-9CB2-40E124BB1B2D}.Debug|x86.Build.0 = Debug|Win32
		{49BD2E1E-D24F-4E5B-9CB2-40E124BB1B2D}.Release|x64.ActiveCfg = Release|x64
		{49BD2E1E-D24F-4E5B-9CB2-40E124BB1B2D}.Release|x64.Build.0 = Release|x64
		{49BD2E1E-D24F-4E5B-9CB2-40E124BB1B2D}.Release|x86.ActiveCfg = Release|Win32
		{49BD2E1E-D24F-4E5B-9CB2-40E124BB1B2D}.Release|x86.Build.0 = Release|Win32
		{A4FAC9CD-3A60-4B36-8233-E0BF3162A51D}.Debug|x64.ActiveCfg = Debug|x64
		{A4FAC9CD-3A60-4B36-8233-E0BF3162A51D}.Debug|x64.Build.0 = Debug|x64
		{A4FAC9CD-3A60-4B36-8233-E0BF3162A51D}.Debug|x86.ActiveCfg = Debug|Win32
		{A4FAC9CD-3A60-4B36-8233-E0BF3162A51D}.Debug|x86.Build.0 = Debug|Win32
		{A4FAC9CD-3A60-4B36-8233-E0BF3162A51D}.Release|x64.ActiveCfg = Release|x64
		{A4FAC9CD-3A60-4B36-8233-E0BF3162A51D}.Release|x64.Build.0 = Release|x64
		{A4FAC9CD-3A60-4B36-8233-E0BF3162A51D}.Release|x86.ActiveCfg = Release|Win32
		{A4FAC9CD-3A60-4B36-8233-E0BF3162A51D}.Release|x86.Build.0 = Release|Win32
		{C6DF94B3-BC33-4C5B-9DEA-4C224C8E5451}.Debug|x64.ActiveCfg = Debug|x64
		{C6DF94B3-BC33-4C5B-9DEA-4C224C8E5451}.Debug|x64.Build.0 = Debug|x64
		{C6DF94B3-BC33-4C5B-9DEA-4C224C8E5451}.Debug|x86.ActiveCfg = Debug|Win32
		{C6DF94B3-BC33-4C5B-9DEA-4C224C8E5451}.Debug|x86.Build.0 = Debug|Win32
		{C6DF94B3-BC33-4C5B-9DEA-4C224C8E5451}.Release|x64.ActiveCfg = Release|x64
		{C6DF94B3-BC33-4C5B-9DEA-4C224C8E5451}.Release|x64.Build.0 = Release|x64
		{C6DF94B3-BC33-4C5B-9DEA-4C224C8E5451}.Release|x86.ActiveCfg = Release|Win32
		{C6DF94B3-BC33-4C5B-9DEA-4C224C8E5451}.Release|x86.Build.0 = Release|Win32
		{DE6DBF7E-46E4-4A15-8D59-11B6A6EDB150}.Debug|x64.ActiveCfg = Debug|x64
		{DE6DBF7E-46E4-4A15-8D59-11B6A6EDB150}.Debug|x64.Build.0 = Debug|x64
		{DE6DBF7E-46E4-4A15-8D59-11B6A6EDB150}.Debug|x86.ActiveCfg = Debug|Win32
		{DE6DBF7E-46E4-4A15-8D59-11B6A6EDB150}.Debug|x86.Build.0 = Debug|Win32
		{DE6DBF7E-46E4-4A15-8D59-11B6A6EDB150}.Release|x64.ActiveCfg = Release|x64
		{DE6DBF7E-46E4-4A15-8D59-11B6A6EDB150}.Release|x64.Build.0 = Release|x64
		{DE6DBF7E-46E4-4A15-8D59-11B6A6EDB150}.Release|x86.ActiveCfg = Release|Win32
		{DE6DBF7E-46E4-4A15-8D59-11B6A6EDB150}.Release|x86.Build.0 = Release|Win32
		{20560949-3236-4CAC-B820-8F360AE1DABD}.Debug|x64.ActiveCfg = Debug|x64
		{20560949-3236-4CAC-B820-8F360AE1DABD}.Debug|x64.Build.0 = Debug|x64
		{20560949-3236-4CAC-B820-8F360AE1DABD}.Debug|x86.ActiveCfg = Debug|Win32
		{20560949-3236-4CAC-B820-8F360AE1DABD}.Debug|x86.Build.0 = Debug|Win32
		{20560949-3236-4CAC-B820-8F360AE1DABD}.Release|x64.ActiveCfg = Release|x64
		{20560949-3236-4CAC-B820-8F360AE1DABD}.Release|x64.Build.0 = Release|x64
		{20560949-3236-4CAC-B820-8F360AE1DABD}.Release|x86.ActiveCfg = Release|Win32
		{20560949-3236-4CAC-B820-8F360AE1DABD}.Release|x86.Build.0 = Release|Win32
		{3CD9419C-C75A-4809-A4E8-3D81E5F8C163}.Debug|x64.ActiveCfg = Debug|x64
		{3CD9419C-C75A-4809-A4E8-3D81E5F8C163}.Debug|x64.Build.0 = Debug|x64
		{3CD9419C-C75A-4809-A4E8-3D81E5F8C163}.Debug|x86.ActiveCfg = Debug|Win32
		{3CD9419C-C75A-4809-A4E8-3D81E5F8C163}.Debug|x86.Build.0 = Debug|Win32
		{3CD9419C-C75A-4809-A4E8-3D81E5F8C163}.Release|x64.ActiveCfg = Release|x64
		{3CD9419C-C75A-4809-A4E8-3D81E5F8C163}.Release|x64.Build.0 = Release|x64
		{3CD9419C-C75A-4809-A4E8-3D81E5F8C163}.Release|x86.ActiveCfg = Release|Win32
		{3CD9419C-C75A-4809-A4E8-3D81E5F8C163}.Release|x86.Build.0 = Release|Win32
		{9D108B1F-94FD-4DC6-85D1-6AFAB769C803}.Debug|x64.ActiveCfg = Debug|x64
		{9D108B1F-94FD-4DC6-85D1-6AFAB769C803}.Debug|x64.Build.0 = Debug|x64
		{9D108B1F-94FD-4DC6-85D1-6AFAB769C803}.Debug|x86.ActiveCfg = Debug|Win32
		{9D108B1F-94FD-4DC6-85D1-6AFAB769C803}.Debug|x86.Build.0 = Debug|Win32
		{9D108B1F-94FD-4DC6-85D1-6AFAB769C803}.Release|x64.ActiveCfg = Release|x64
		{9D108B1F-94FD-4DC6-85D1-6AFAB769C803}.Release|x64.Build.0 = Release|x64
		{9D108B1F-94FD-4DC6-85D1-6AFAB769C803}.Release|x86.ActiveCfg = Release|Win32
		{9D108B1F-94FD-4DC6-85D1-6AFAB769C803}.Release|x86.Build.0 = Release|Win32
		{235CD0E9-3E61-4D25-B35C-C2C9A9CA55C0}.Debug|x64.ActiveCfg = Debug|x64
		{235CD0E9-3E61-4D25-B35C-C2C9A9CA55C0}.Debug|x64.Build.0 = Debug|x64
		{235CD0E9-3E61-4D25-B35C-C2C9A9CA55C0}.Debug|x86.ActiveCfg = Debug|Win32
		{235CD0E9-3E61-4D25-B35C-C2C9A9CA55C0}.Debug|x86.Build.0 = Debug|Win32
		{235CD0E9-3E61-4D25-B35C-C2C9A9CA55C0}.Release|x64.ActiveCfg = Release|x64
		{235CD0E9-3E61-4D25-B35C-C2C9A9CA55C0}.Release|x64.Build.0 = Release|x64
		{235CD0E9-3E61-4D25-B35C-C2C9A9CA55C0}.Release|x86.ActiveCfg = Release|Win32
		{235CD0E9-3E61-4D25-B35C-C2C9A9CA55C0}.Release|x86.Build.0 = Release|Win32
	EndGlobalSection
	GlobalSection(SolutionProperties) = preSolution
		HideSolutionNode = FALSE
	EndGlobalSection
	GlobalSection(ExtensibilityGlobals) = postSolution
		SolutionGuid = {13EF8873-8BA7-43ED-8FEE-B7FA11752F18}
	EndGlobalSection
EndGlobal
